
Microsoft Visual Studio Solution File, Format Version 12.00
# Visual Studio 2012
Project("{FAE04EC0-301F-11D3-BF4B-00C04F79EFBC}") = "AutotaskQueryExplorer", "AutotaskQueryExplorer\AutotaskQueryExplorer.csproj", "{AFFAC843-90A9-41DB-A598-F12D0D9309B4}"
EndProject
Project("{FAE04EC0-301F-11D3-BF4B-00C04F79EFBC}") = "AutotaskShell", "AutotaskShell\AutotaskShell.csproj", "{50C0D975-A096-4012-8FAE-7E6307F04BDE}"
EndProject
Project("{FAE04EC0-301F-11D3-BF4B-00C04F79EFBC}") = "AutotaskQueryService", "AutotaskQueryService\AutotaskQueryService.csproj", "{2FA2DD4D-7353-46FB-A86A-2C6F10314E41}"
EndProject
Project("{FAE04EC0-301F-11D3-BF4B-00C04F79EFBC}") = "AutotaskQueryServiceTest", "AutotaskQueryServiceTest\AutotaskQueryServiceTest.csproj", "{F5159DDD-DF2B-42B6-AB44-C2FBD2FA4826}"
EndProject
Project("{FAE04EC0-301F-11D3-BF4B-00C04F79EFBC}") = "AutotaskShellTest", "AutotaskShellTest\AutotaskShellTest.csproj", "{2BD465D4-5BD7-4619-85B4-F02E8E836990}"
EndProject
Global
	GlobalSection(SolutionConfigurationPlatforms) = preSolution
		Debug|Any CPU = Debug|Any CPU
		Release|Any CPU = Release|Any CPU
	EndGlobalSection
	GlobalSection(ProjectConfigurationPlatforms) = postSolution
		{AFFAC843-90A9-41DB-A598-F12D0D9309B4}.Debug|Any CPU.ActiveCfg = Debug|Any CPU
		{AFFAC843-90A9-41DB-A598-F12D0D9309B4}.Debug|Any CPU.Build.0 = Debug|Any CPU
		{AFFAC843-90A9-41DB-A598-F12D0D9309B4}.Release|Any CPU.ActiveCfg = Release|Any CPU
		{AFFAC843-90A9-41DB-A598-F12D0D9309B4}.Release|Any CPU.Build.0 = Release|Any CPU
		{50C0D975-A096-4012-8FAE-7E6307F04BDE}.Debug|Any CPU.ActiveCfg = Debug|Any CPU
		{50C0D975-A096-4012-8FAE-7E6307F04BDE}.Debug|Any CPU.Build.0 = Debug|Any CPU
		{50C0D975-A096-4012-8FAE-7E6307F04BDE}.Release|Any CPU.ActiveCfg = Release|Any CPU
		{50C0D975-A096-4012-8FAE-7E6307F04BDE}.Release|Any CPU.Build.0 = Release|Any CPU
		{2FA2DD4D-7353-46FB-A86A-2C6F10314E41}.Debug|Any CPU.ActiveCfg = Debug|Any CPU
		{2FA2DD4D-7353-46FB-A86A-2C6F10314E41}.Debug|Any CPU.Build.0 = Debug|Any CPU
		{2FA2DD4D-7353-46FB-A86A-2C6F10314E41}.Release|Any CPU.ActiveCfg = Release|Any CPU
		{2FA2DD4D-7353-46FB-A86A-2C6F10314E41}.Release|Any CPU.Build.0 = Release|Any CPU
		{F5159DDD-DF2B-42B6-AB44-C2FBD2FA4826}.Debug|Any CPU.ActiveCfg = Debug|Any CPU
		{F5159DDD-DF2B-42B6-AB44-C2FBD2FA4826}.Debug|Any CPU.Build.0 = Debug|Any CPU
		{F5159DDD-DF2B-42B6-AB44-C2FBD2FA4826}.Release|Any CPU.ActiveCfg = Release|Any CPU
		{F5159DDD-DF2B-42B6-AB44-C2FBD2FA4826}.Release|Any CPU.Build.0 = Release|Any CPU
		{2BD465D4-5BD7-4619-85B4-F02E8E836990}.Debug|Any CPU.ActiveCfg = Debug|Any CPU
		{2BD465D4-5BD7-4619-85B4-F02E8E836990}.Debug|Any CPU.Build.0 = Debug|Any CPU
		{2BD465D4-5BD7-4619-85B4-F02E8E836990}.Release|Any CPU.ActiveCfg = Release|Any CPU
		{2BD465D4-5BD7-4619-85B4-F02E8E836990}.Release|Any CPU.Build.0 = Release|Any CPU
	EndGlobalSection
	GlobalSection(SolutionProperties) = preSolution
		HideSolutionNode = FALSE
	EndGlobalSection
	GlobalSection(ExtensibilityGlobals) = postSolution
		EnterpriseLibraryConfigurationToolBinariesPath = packages\Unity.2.1.505.2\lib\NET35
	EndGlobalSection
EndGlobal
